
Microsoft Visual Studio Solution File, Format Version 12.00
# 
Project("{FAE04EC0-301F-11D3-BF4B-00C04F79EFBC}") = "TetsConsole", "TetsConsole\TetsConsole.csproj", "{D14A44FD-8095-47E7-A0AD-494A596C5085}"
EndProject
Project("{FAE04EC0-301F-11D3-BF4B-00C04F79EFBC}") = "MatchAnalyzer.Api", "MatchAnalyzer.Api\MatchAnalyzer.Api.csproj", "{6406F8FC-B70D-40D9-B4DD-C55A154B5B17}"
EndProject
Global
	GlobalSection(SolutionConfigurationPlatforms) = preSolution
		Debug|Any CPU = Debug|Any CPU
		Release|Any CPU = Release|Any CPU
	EndGlobalSection
	GlobalSection(ProjectConfigurationPlatforms) = postSolution
		{D14A44FD-8095-47E7-A0AD-494A596C5085}.Debug|Any CPU.ActiveCfg = Debug|Any CPU
		{D14A44FD-8095-47E7-A0AD-494A596C5085}.Debug|Any CPU.Build.0 = Debug|Any CPU
		{D14A44FD-8095-47E7-A0AD-494A596C5085}.Release|Any CPU.ActiveCfg = Release|Any CPU
		{D14A44FD-8095-47E7-A0AD-494A596C5085}.Release|Any CPU.Build.0 = Release|Any CPU
		{6406F8FC-B70D-40D9-B4DD-C55A154B5B17}.Debug|Any CPU.ActiveCfg = Debug|Any CPU
		{6406F8FC-B70D-40D9-B4DD-C55A154B5B17}.Debug|Any CPU.Build.0 = Debug|Any CPU
		{6406F8FC-B70D-40D9-B4DD-C55A154B5B17}.Release|Any CPU.ActiveCfg = Release|Any CPU
		{6406F8FC-B70D-40D9-B4DD-C55A154B5B17}.Release|Any CPU.Build.0 = Release|Any CPU
	EndGlobalSection
EndGlobal
